
Microsoft Visual Studio Solution File, Format Version 12.00
# Visual Studio Version 17
VisualStudioVersion = 17.6.33723.286
MinimumVisualStudioVersion = 10.0.40219.1
Project("{9A19103F-16F7-4668-BE54-9A1E7A4F7556}") = "Finance.App", "Finance.App\Finance.App.csproj", "{3CA635D0-7077-493F-BD38-5AFCABD1BA68}"
EndProject
Project("{FAE04EC0-301F-11D3-BF4B-00C04F79EFBC}") = "Customer.App", "Customer.App\Customer.App.csproj", "{E8143524-8BAE-4771-8717-5FC420BCFA3F}"
EndProject
Global
	GlobalSection(SolutionConfigurationPlatforms) = preSolution
		Debug|Any CPU = Debug|Any CPU
		Release|Any CPU = Release|Any CPU
	EndGlobalSection
	GlobalSection(ProjectConfigurationPlatforms) = postSolution
		{3CA635D0-7077-493F-BD38-5AFCABD1BA68}.Debug|Any CPU.ActiveCfg = Debug|Any CPU
		{3CA635D0-7077-493F-BD38-5AFCABD1BA68}.Debug|Any CPU.Build.0 = Debug|Any CPU
		{3CA635D0-7077-493F-BD38-5AFCABD1BA68}.Release|Any CPU.ActiveCfg = Release|Any CPU
		{3CA635D0-7077-493F-BD38-5AFCABD1BA68}.Release|Any CPU.Build.0 = Release|Any CPU
		{E8143524-8BAE-4771-8717-5FC420BCFA3F}.Debug|Any CPU.ActiveCfg = Debug|Any CPU
		{E8143524-8BAE-4771-8717-5FC420BCFA3F}.Debug|Any CPU.Build.0 = Debug|Any CPU
		{E8143524-8BAE-4771-8717-5FC420BCFA3F}.Release|Any CPU.ActiveCfg = Release|Any CPU
		{E8143524-8BAE-4771-8717-5FC420BCFA3F}.Release|Any CPU.Build.0 = Release|Any CPU
	EndGlobalSection
	GlobalSection(SolutionProperties) = preSolution
		HideSolutionNode = FALSE
	EndGlobalSection
	GlobalSection(ExtensibilityGlobals) = postSolution
		SolutionGuid = {FC75022E-F916-4309-9774-27CEE2EB0888}
	EndGlobalSection
EndGlobal
